
Microsoft Visual Studio Solution File, Format Version 12.00
# Visual Studio Version 16
VisualStudioVersion = 16.0.32901.82
MinimumVisualStudioVersion = 10.0.40219.1
Project("{FAE04EC0-301F-11D3-BF4B-00C04F79EFBC}") = "L13_CJNR_1128121", "L13_CJNR_1128121.csproj", "{3AE130F9-D370-4F3D-A2BC-53C5E934449A}"
EndProject
Global
	GlobalSection(SolutionConfigurationPlatforms) = preSolution
		Debug|Any CPU = Debug|Any CPU
		Release|Any CPU = Release|Any CPU
	EndGlobalSection
	GlobalSection(ProjectConfigurationPlatforms) = postSolution
		{3AE130F9-D370-4F3D-A2BC-53C5E934449A}.Debug|Any CPU.ActiveCfg = Debug|Any CPU
		{3AE130F9-D370-4F3D-A2BC-53C5E934449A}.Debug|Any CPU.Build.0 = Debug|Any CPU
		{3AE130F9-D370-4F3D-A2BC-53C5E934449A}.Release|Any CPU.ActiveCfg = Release|Any CPU
		{3AE130F9-D370-4F3D-A2BC-53C5E934449A}.Release|Any CPU.Build.0 = Release|Any CPU
	EndGlobalSection
	GlobalSection(SolutionProperties) = preSolution
		HideSolutionNode = FALSE
	EndGlobalSection
	GlobalSection(ExtensibilityGlobals) = postSolution
		SolutionGuid = {3671FDF8-52FD-47A6-9448-6375D970567A}
	EndGlobalSection
EndGlobal
